PODS:
  - camerawesome (0.0.1):
    - Flutter
    - JPSVolumeButtonHandler
  - Flutter (1.0.0)
  - flutter_image_compress (1.0.0):
    - Flutter
    - Mantle
    - SDWebImage
    - SDWebImageWebPCoder
  - fluttertoast (0.0.2):
    - Flutter
    - Toast
  - JPSVolumeButtonHandler (1.0.5)
  - libwebp (1.2.4):
    - libwebp/demux (= 1.2.4)
    - libwebp/mux (= 1.2.4)
    - libwebp/webp (= 1.2.4)
  - libwebp/demux (1.2.4):
    - libwebp/webp
  - libwebp/mux (1.2.4):
    - libwebp/demux
  - libwebp/webp (1.2.4)
  - Mantle (2.2.0):
    - Mantle/extobjc (= 2.2.0)
  - Mantle/extobjc (2.2.0)
  - path_provider_foundation (0.0.1):
    - Flutter
    - FlutterMacOS
  - photo_manager (2.0.0):
    - Flutter
    - FlutterMacOS
  - SDWebImage (5.15.8):
    - SDWebImage/Core (= 5.15.8)
  - SDWebImage/Core (5.15.8)
  - SDWebImageWebPCoder (0.11.0):
    - libwebp (~> 1.0)
    - SDWebImage/Core (~> 5.15)
  - Toast (4.0.0)
  - video_compress (0.3.0):
    - Flutter
  - video_player_avfoundation (0.0.1):
    - Flutter
  - wakelock (0.0.1):
    - Flutter

DEPENDENCIES:
  - camerawesome (from `.symlinks/plugins/camerawesome/ios`)
  - Flutter (from `Flutter`)
  - flutter_image_compress (from `.symlinks/plugins/flutter_image_compress/ios`)
  - fluttertoast (from `.symlinks/plugins/fluttertoast/ios`)
  - path_provider_foundation (from `.symlinks/plugins/path_provider_foundation/darwin`)
  - photo_manager (from `.symlinks/plugins/photo_manager/ios`)
  - video_compress (from `.symlinks/plugins/video_compress/ios`)
  - video_player_avfoundation (from `.symlinks/plugins/video_player_avfoundation/ios`)
  - wakelock (from `.symlinks/plugins/wakelock/ios`)

SPEC REPOS:
  trunk:
    - JPSVolumeButtonHandler
    - libwebp
    - Mantle
    - SDWebImage
    - SDWebImageWebPCoder
    - Toast

EXTERNAL SOURCES:
  camerawesome:
    :path: ".symlinks/plugins/camerawesome/ios"
  Flutter:
    :path: Flutter
  flutter_image_compress:
    :path: ".symlinks/plugins/flutter_image_compress/ios"
  fluttertoast:
    :path: ".symlinks/plugins/fluttertoast/ios"
  path_provider_foundation:
    :path: ".symlinks/plugins/path_provider_foundation/darwin"
  photo_manager:
    :path: ".symlinks/plugins/photo_manager/ios"
  video_compress:
    :path: ".symlinks/plugins/video_compress/ios"
  video_player_avfoundation:
    :path: ".symlinks/plugins/video_player_avfoundation/ios"
  wakelock:
    :path: ".symlinks/plugins/wakelock/ios"

SPEC CHECKSUMS:
  camerawesome: 1e06540f60158809bc70f398ed1ac2cf93fe4188
  Flutter: f04841e97a9d0b0a8025694d0796dd46242b2854
  flutter_image_compress: 5a5e9aee05b6553048b8df1c3bc456d0afaac433
  fluttertoast: fafc4fa4d01a6a9e4f772ecd190ffa525e9e2d9c
  JPSVolumeButtonHandler: 53110330c9168ed325def93eabff39f0fe3e8082
  libwebp: f62cb61d0a484ba548448a4bd52aabf150ff6eef
  Mantle: c5aa8794a29a022dfbbfc9799af95f477a69b62d
  path_provider_foundation: eaf5b3e458fc0e5fbb9940fb09980e853fe058b8
  photo_manager: 4f6810b7dfc4feb03b461ac1a70dacf91fba7604
  SDWebImage: cb032eba469c54e0000e78bcb0a13cdde0a52798
  SDWebImageWebPCoder: 295a6573c512f54ad2dd58098e64e17dcf008499
  Toast: 91b396c56ee72a5790816f40d3a94dd357abc196
  video_compress: fce97e4fb1dfd88175aa07d2ffc8a2f297f87fbe
  video_player_avfoundation: 81e49bb3d9fb63dccf9fa0f6d877dc3ddbeac126
  wakelock: d0fc7c864128eac40eba1617cb5264d9c940b46f

PODFILE CHECKSUM: 6b9eb94e9f98a329f2ef624b852a6e42d090af2b

COCOAPODS: 1.12.0
